
Microsoft Visual Studio Solution File, Format Version 12.00
# Visual Studio Version 16
VisualStudioVersion = 16.0.30717.126
MinimumVisualStudioVersion = 10.0.40219.1
Project("{FAE04EC0-301F-11D3-BF4B-00C04F79EFBC}") = "Horoscope_App", "Horoscope_App.csproj", "{1DDB69CA-F4ED-49C4-8028-0894EF19B9CE}"
EndProject
Global
	GlobalSection(SolutionConfigurationPlatforms) = preSolution
		Debug|Any CPU = Debug|Any CPU
		Release|Any CPU = Release|Any CPU
	EndGlobalSection
	GlobalSection(ProjectConfigurationPlatforms) = postSolution
		{1DDB69CA-F4ED-49C4-8028-0894EF19B9CE}.Debug|Any CPU.ActiveCfg = Debug|Any CPU
		{1DDB69CA-F4ED-49C4-8028-0894EF19B9CE}.Debug|Any CPU.Build.0 = Debug|Any CPU
		{1DDB69CA-F4ED-49C4-8028-0894EF19B9CE}.Release|Any CPU.ActiveCfg = Release|Any CPU
		{1DDB69CA-F4ED-49C4-8028-0894EF19B9CE}.Release|Any CPU.Build.0 = Release|Any CPU
	EndGlobalSection
	GlobalSection(SolutionProperties) = preSolution
		HideSolutionNode = FALSE
	EndGlobalSection
	GlobalSection(ExtensibilityGlobals) = postSolution
		SolutionGuid = {2E2979E8-47AC-43F3-B871-C244120A9259}
	EndGlobalSection
EndGlobal
